
Microsoft Visual Studio Solution File, Format Version 12.00
# Visual Studio 2013
VisualStudioVersion = 12.0.30110.0
MinimumVisualStudioVersion = 10.0.40219.1
Project("{FAE04EC0-301F-11D3-BF4B-00C04F79EFBC}") = "SmarterWebDeploy", "SmarterWebDeploy\SmarterWebDeploy.csproj", "{5CB0D8AD-91C0-47DD-B89F-888ABFB974A0}"
EndProject
Project("{FAE04EC0-301F-11D3-BF4B-00C04F79EFBC}") = "1-SourceWebsiteForTesting", "SourceWebsiteForTesting\1-SourceWebsiteForTesting.csproj", "{27E0C023-9CF7-4052-943D-173E0AB0C93E}"
EndProject
Project("{FAE04EC0-301F-11D3-BF4B-00C04F79EFBC}") = "2-DestinationWebsiteForTesting", "DestinationWebsiteForTesting\2-DestinationWebsiteForTesting.csproj", "{1218699D-A42E-4121-8455-2B1246D1C177}"
EndProject
Project("{2150E333-8FDC-42A3-9474-1A3956D46DE8}") = ".nuget", ".nuget", "{75388E56-9C62-4CCB-819E-BF45D73684C7}"
	ProjectSection(SolutionItems) = preProject
		.nuget\NuGet.Config = .nuget\NuGet.Config
		.nuget\NuGet.exe = .nuget\NuGet.exe
		.nuget\NuGet.targets = .nuget\NuGet.targets
	EndProjectSection
EndProject
Global
	GlobalSection(SolutionConfigurationPlatforms) = preSolution
		Debug|Any CPU = Debug|Any CPU
		Release|Any CPU = Release|Any CPU
	EndGlobalSection
	GlobalSection(ProjectConfigurationPlatforms) = postSolution
		{5CB0D8AD-91C0-47DD-B89F-888ABFB974A0}.Debug|Any CPU.ActiveCfg = Debug|Any CPU
		{5CB0D8AD-91C0-47DD-B89F-888ABFB974A0}.Debug|Any CPU.Build.0 = Debug|Any CPU
		{5CB0D8AD-91C0-47DD-B89F-888ABFB974A0}.Release|Any CPU.ActiveCfg = Release|Any CPU
		{5CB0D8AD-91C0-47DD-B89F-888ABFB974A0}.Release|Any CPU.Build.0 = Release|Any CPU
		{27E0C023-9CF7-4052-943D-173E0AB0C93E}.Debug|Any CPU.ActiveCfg = Debug|Any CPU
		{27E0C023-9CF7-4052-943D-173E0AB0C93E}.Debug|Any CPU.Build.0 = Debug|Any CPU
		{27E0C023-9CF7-4052-943D-173E0AB0C93E}.Release|Any CPU.ActiveCfg = Release|Any CPU
		{27E0C023-9CF7-4052-943D-173E0AB0C93E}.Release|Any CPU.Build.0 = Release|Any CPU
		{1218699D-A42E-4121-8455-2B1246D1C177}.Debug|Any CPU.ActiveCfg = Debug|Any CPU
		{1218699D-A42E-4121-8455-2B1246D1C177}.Release|Any CPU.ActiveCfg = Release|Any CPU
	EndGlobalSection
	GlobalSection(SolutionProperties) = preSolution
		HideSolutionNode = FALSE
	EndGlobalSection
EndGlobal
